
Microsoft Visual Studio Solution File, Format Version 12.00
# Visual Studio Version 17
VisualStudioVersion = 17.8.34309.116
MinimumVisualStudioVersion = 10.0.40219.1
Project("{9A19103F-16F7-4668-BE54-9A1E7A4F7556}") = "Sawoodamo.API", "Sawoodamo.API\Sawoodamo.API.csproj", "{788894BD-0B69-47C0-AB62-E0A73C2F00D4}"
EndProject
Project("{2150E333-8FDC-42A3-9474-1A3956D46DE8}") = "Solution Items", "Solution Items", "{5D99E0FB-A09D-47DE-B863-CC6D99923FF5}"
EndProject
Global
	GlobalSection(SolutionConfigurationPlatforms) = preSolution
		Debug|Any CPU = Debug|Any CPU
		Release|Any CPU = Release|Any CPU
	EndGlobalSection
	GlobalSection(ProjectConfigurationPlatforms) = postSolution
		{788894BD-0B69-47C0-AB62-E0A73C2F00D4}.Debug|Any CPU.ActiveCfg = Debug|Any CPU
		{788894BD-0B69-47C0-AB62-E0A73C2F00D4}.Debug|Any CPU.Build.0 = Debug|Any CPU
		{788894BD-0B69-47C0-AB62-E0A73C2F00D4}.Release|Any CPU.ActiveCfg = Release|Any CPU
		{788894BD-0B69-47C0-AB62-E0A73C2F00D4}.Release|Any CPU.Build.0 = Release|Any CPU
	EndGlobalSection
	GlobalSection(SolutionProperties) = preSolution
		HideSolutionNode = FALSE
	EndGlobalSection
	GlobalSection(ExtensibilityGlobals) = postSolution
		SolutionGuid = {A32C6D20-98B4-45D5-89C9-CE19745B6FA1}
	EndGlobalSection
EndGlobal
